
Microsoft Visual Studio Solution File, Format Version 12.00
# Visual Studio Version 16
VisualStudioVersion = 16.0.29609.76
MinimumVisualStudioVersion = 10.0.40219.1
Project("{FAE04EC0-301F-11D3-BF4B-00C04F79EFBC}") = "TennisGameTDD", "TennisGameTDD\TennisGameTDD.csproj", "{DE382273-CECE-48E2-AD2F-19851AF2E73C}"
EndProject
Project("{FAE04EC0-301F-11D3-BF4B-00C04F79EFBC}") = "TennisGameTest", "TennisGameTest\TennisGameTest.csproj", "{3F1D1AFD-1C5C-4307-B7B1-A43090C73B07}"
EndProject
Global
	GlobalSection(SolutionConfigurationPlatforms) = preSolution
		Debug|Any CPU = Debug|Any CPU
		Release|Any CPU = Release|Any CPU
	EndGlobalSection
	GlobalSection(ProjectConfigurationPlatforms) = postSolution
		{DE382273-CECE-48E2-AD2F-19851AF2E73C}.Debug|Any CPU.ActiveCfg = Debug|Any CPU
		{DE382273-CECE-48E2-AD2F-19851AF2E73C}.Debug|Any CPU.Build.0 = Debug|Any CPU
		{DE382273-CECE-48E2-AD2F-19851AF2E73C}.Release|Any CPU.ActiveCfg = Release|Any CPU
		{DE382273-CECE-48E2-AD2F-19851AF2E73C}.Release|Any CPU.Build.0 = Release|Any CPU
		{3F1D1AFD-1C5C-4307-B7B1-A43090C73B07}.Debug|Any CPU.ActiveCfg = Debug|Any CPU
		{3F1D1AFD-1C5C-4307-B7B1-A43090C73B07}.Debug|Any CPU.Build.0 = Debug|Any CPU
		{3F1D1AFD-1C5C-4307-B7B1-A43090C73B07}.Release|Any CPU.ActiveCfg = Release|Any CPU
		{3F1D1AFD-1C5C-4307-B7B1-A43090C73B07}.Release|Any CPU.Build.0 = Release|Any CPU
	EndGlobalSection
	GlobalSection(SolutionProperties) = preSolution
		HideSolutionNode = FALSE
	EndGlobalSection
	GlobalSection(ExtensibilityGlobals) = postSolution
		SolutionGuid = {FFB3CD95-AE94-4328-B58E-9F1D7817C927}
	EndGlobalSection
EndGlobal
